{
  "name": "node-service",
  "version": "0.0.1",
  "lockfileVersion": 3,
  "requires": true,
  "packages": {
    "": {
      "name": "node-service",
      "version": "0.0.1",
      "license": "MIT",
      "dependencies": {
        "@azuliani/deep-diff": "0.0.1",
        "fast-copy": "^3.0.2",
        "schema-inspector": "^2.1.0",
        "tinycache": "^1.1.2",
        "zeromq": "^6.1.2"
      }
    },
    "node_modules/@azuliani/deep-diff": {
      "version": "0.0.1",
      "resolved": "https://registry.npmjs.org/@azuliani/deep-diff/-/deep-diff-0.0.1.tgz",
      "integrity": "sha512-iqYpVimT7oMFqbkJQ3PFV4LjL0QxodUH476tlX/1+v4M9u0vkXyLw6O2bALiAxE6PHfJBYy0h6tChN8sVHlyjQ==",
      "license": "MIT",
      "engines": {
        "node": ">=18.0.0"
      }
    },
    "node_modules/async": {
      "version": "2.6.4",
      "resolved": "https://registry.npmjs.org/async/-/async-2.6.4.tgz",
      "integrity": "sha512-mzo5dfJYwAn29PeiJ0zvwTo04zj8HDJj0Mn8TD7sno7q12prdbnasKJHhkm2c1LgrhlJ0teaea8860oxi51mGA==",
      "license": "MIT",
      "dependencies": {
        "lodash": "^4.17.14"
      }
    },
    "node_modules/cmake-ts": {
      "version": "1.0.2",
      "resolved": "https://registry.npmjs.org/cmake-ts/-/cmake-ts-1.0.2.tgz",
      "integrity": "sha512-5l++JHE7MxFuyV/OwJf3ek7ZZN1aGPFPM5oUz6AnK5inQAPe4TFXRMz5sA2qg2FRgByPWdqO+gSfIPo8GzoKNQ==",
      "license": "MIT",
      "bin": {
        "cmake-ts": "build/main.js"
      }
    },
    "node_modules/fast-copy": {
      "version": "3.0.2",
      "resolved": "https://registry.npmjs.org/fast-copy/-/fast-copy-3.0.2.tgz",
      "integrity": "sha512-dl0O9Vhju8IrcLndv2eU4ldt1ftXMqqfgN4H1cpmGV7P6jeB9FwpN9a2c8DPGE1Ys88rNUJVYDHq73CGAGOPfQ==",
      "license": "MIT"
    },
    "node_modules/js-sizeof": {
      "version": "0.0.1",
      "resolved": "https://registry.npmjs.org/js-sizeof/-/js-sizeof-0.0.1.tgz",
      "integrity": "sha512-fQNsKJN0RcUuyOBUcdIVRYM3U24TCZmjvTChPXqVDIgC1z6jXP2Ualanq8AIqIvUb2OOkdcHuRUebWOSNZb2PQ=="
    },
    "node_modules/lodash": {
      "version": "4.17.23",
      "resolved": "https://registry.npmjs.org/lodash/-/lodash-4.17.23.tgz",
      "integrity": "sha512-LgVTMpQtIopCi79SJeDiP0TfWi5CNEc/L/aRdTh3yIvmZXTnheWpKjSZhnvMl8iXbC1tFg9gdHHDMLoV7CnG+w==",
      "license": "MIT"
    },
    "node_modules/node-addon-api": {
      "version": "8.5.0",
      "resolved": "https://registry.npmjs.org/node-addon-api/-/node-addon-api-8.5.0.tgz",
      "integrity": "sha512-/bRZty2mXUIFY/xU5HLvveNHlswNJej+RnxBjOMkidWfwZzgTbPG1E3K5TOxRLOR+5hX7bSofy8yf1hZevMS8A==",
      "license": "MIT",
      "engines": {
        "node": "^18 || ^20 || >= 21"
      }
    },
    "node_modules/schema-inspector": {
      "version": "2.1.0",
      "resolved": "https://registry.npmjs.org/schema-inspector/-/schema-inspector-2.1.0.tgz",
      "integrity": "sha512-3bmQVhbA01/EW8cZin4vIpqlpNU2SIy4BhKCfCgogJ3T/L76dLx3QAE+++4o+dNT33sa+SN9vOJL7iHiHFjiNg==",
      "license": "MIT",
      "dependencies": {
        "async": "~2.6.3"
      }
    },
    "node_modules/tinycache": {
      "version": "1.1.2",
      "resolved": "https://registry.npmjs.org/tinycache/-/tinycache-1.1.2.tgz",
      "integrity": "sha512-dCtHE5Fm8rWFp11hktEiJOtiYLyJ7PuCMPmBSweht0/TrJNUbmz5oFfqfpEMMRjM39DUJZCix/c+Gl/3p/cVOA==",
      "license": "MIT",
      "dependencies": {
        "js-sizeof": "0.0.1"
      }
    },
    "node_modules/zeromq": {
      "version": "6.5.0",
      "resolved": "https://registry.npmjs.org/zeromq/-/zeromq-6.5.0.tgz",
      "integrity": "sha512-vWOrt19lvcXTxu5tiHXfEGQuldSlU+qZn2TT+4EbRQzaciWGwNZ99QQTolQOmcwVgZLodv+1QfC6UZs2PX/6pQ==",
      "hasInstallScript": true,
      "license": "MIT AND MPL-2.0",
      "dependencies": {
        "cmake-ts": "1.0.2",
        "node-addon-api": "^8.3.1"
      },
      "engines": {
        "node": ">= 12"
      }
    }
  }
}
